{
  "nodes": {
    "github-nix-ci": {
      "locked": {
        "lastModified": 1754092430,
        "narHash": "sha256-S4Oe9aZK/UnWuj6zUlVeSDmC/QjEPHJm2gaSk/VMir4=",
        "owner": "juspay",
        "repo": "github-nix-ci",
        "rev": "edd0486a9208524eff40712a8ce835260c5b412a",
        "type": "github"
      },
      "original": {
        "owner": "juspay",
        "repo": "github-nix-ci",
        "type": "github"
      }
    },
    "nixpkgs": {
      "locked": {
        "lastModified": 1768305791,
        "narHash": "sha256-AIdl6WAn9aymeaH/NvBj0H9qM+XuAuYbGMZaP0zcXAQ=",
        "owner": "NixOS",
        "repo": "nixpkgs",
        "rev": "1412caf7bf9e660f2f962917c14b1ea1c3bc695e",
        "type": "github"
      },
      "original": {
        "owner": "NixOS",
        "ref": "nixos-unstable",
        "repo": "nixpkgs",
        "type": "github"
      }
    },
    "root": {
      "inputs": {
        "github-nix-ci": "github-nix-ci",
        "nixpkgs": "nixpkgs"
      }
    }
  },
  "root": "root",
  "version": 7
}
